
Microsoft Visual Studio Solution File, Format Version 12.00
Project("{FAE04EC0-301F-11D3-BF4B-00C04F79EFBC}") = "AppHub.Domain", "AppHub.Domain\AppHub.Domain.csproj", "{F9A1420A-3B89-4C15-811A-955E3D3B10A8}"
EndProject
Project("{FAE04EC0-301F-11D3-BF4B-00C04F79EFBC}") = "AppHub.Application", "AppHub.Application\AppHub.Application.csproj", "{FAE69724-93A2-42C6-872B-3AA8B638BD3F}"
EndProject
Project("{FAE04EC0-301F-11D3-BF4B-00C04F79EFBC}") = "AppHub.Infrastructure", "AppHub.Infrastructure\AppHub.Infrastructure.csproj", "{979BC51B-B705-42AB-9DEF-D21A2C442498}"
EndProject
Project("{2150E333-8FDC-42A3-9474-1A3956D46DE8}") = "Test", "Test", "{E6D93B5A-1E4C-4B49-8FF6-91916D966834}"
EndProject
Project("{FAE04EC0-301F-11D3-BF4B-00C04F79EFBC}") = "AppHub.Domain.Test", "AppHub.Domain.Test\AppHub.Domain.Test.csproj", "{EB435433-6DE8-466C-B574-691BDF33099A}"
EndProject
Project("{FAE04EC0-301F-11D3-BF4B-00C04F79EFBC}") = "AppHub.Application.Test", "AppHub.Application.Test\AppHub.Application.Test.csproj", "{5513771B-40B1-4AA0-B800-7D6A493CC0BE}"
EndProject
Project("{2150E333-8FDC-42A3-9474-1A3956D46DE8}") = "api", "api", "{81E1452E-832D-4A54-AD63-2C0F5670A283}"
EndProject
Project("{FAE04EC0-301F-11D3-BF4B-00C04F79EFBC}") = "AppHub.Api", "AppHub.Api\AppHub.Api.csproj", "{4DC6EA8C-B8A9-49A3-A3D1-20B0EEF08750}"
EndProject
Project("{2150E333-8FDC-42A3-9474-1A3956D46DE8}") = "Infrastructure", "Infrastructure", "{27BC872C-64AC-48FF-9237-1093CE19B25B}"
EndProject
Project("{FAE04EC0-301F-11D3-BF4B-00C04F79EFBC}") = "AppHub.Infrastructure.Database.EntityFramework.Migrations", "AppHub.Infrastructure.Database.EntityFramework.Migrations\AppHub.Infrastructure.Database.EntityFramework.Migrations.csproj", "{10F4BDB7-9F58-4500-8152-EF1E18164BE1}"
EndProject
Project("{FAE04EC0-301F-11D3-BF4B-00C04F79EFBC}") = "AppHub.Infrastructure.Database.EntityFramework", "AppHub.Infrastructure.Database.EntityFramework\AppHub.Infrastructure.Database.EntityFramework.csproj", "{222D66E1-0AC9-4100-A5A9-661EBEE7768E}"
EndProject
Project("{2150E333-8FDC-42A3-9474-1A3956D46DE8}") = "Domain", "Domain", "{E5799EBB-6749-4344-BCCB-CE18697366F0}"
EndProject
Project("{FAE04EC0-301F-11D3-BF4B-00C04F79EFBC}") = "AppHub.Domain.Dto", "AppHub.Domain.Dto\AppHub.Domain.Dto.csproj", "{88208F0C-6017-4CE3-8F64-44C2A53DE120}"
EndProject
Global
	GlobalSection(SolutionConfigurationPlatforms) = preSolution
		Debug|Any CPU = Debug|Any CPU
		Release|Any CPU = Release|Any CPU
	EndGlobalSection
	GlobalSection(ProjectConfigurationPlatforms) = postSolution
		{F9A1420A-3B89-4C15-811A-955E3D3B10A8}.Debug|Any CPU.ActiveCfg = Debug|Any CPU
		{F9A1420A-3B89-4C15-811A-955E3D3B10A8}.Debug|Any CPU.Build.0 = Debug|Any CPU
		{F9A1420A-3B89-4C15-811A-955E3D3B10A8}.Release|Any CPU.ActiveCfg = Release|Any CPU
		{F9A1420A-3B89-4C15-811A-955E3D3B10A8}.Release|Any CPU.Build.0 = Release|Any CPU
		{FAE69724-93A2-42C6-872B-3AA8B638BD3F}.Debug|Any CPU.ActiveCfg = Debug|Any CPU
		{FAE69724-93A2-42C6-872B-3AA8B638BD3F}.Debug|Any CPU.Build.0 = Debug|Any CPU
		{FAE69724-93A2-42C6-872B-3AA8B638BD3F}.Release|Any CPU.ActiveCfg = Release|Any CPU
		{FAE69724-93A2-42C6-872B-3AA8B638BD3F}.Release|Any CPU.Build.0 = Release|Any CPU
		{979BC51B-B705-42AB-9DEF-D21A2C442498}.Debug|Any CPU.ActiveCfg = Debug|Any CPU
		{979BC51B-B705-42AB-9DEF-D21A2C442498}.Debug|Any CPU.Build.0 = Debug|Any CPU
		{979BC51B-B705-42AB-9DEF-D21A2C442498}.Release|Any CPU.ActiveCfg = Release|Any CPU
		{979BC51B-B705-42AB-9DEF-D21A2C442498}.Release|Any CPU.Build.0 = Release|Any CPU
		{EB435433-6DE8-466C-B574-691BDF33099A}.Debug|Any CPU.ActiveCfg = Debug|Any CPU
		{EB435433-6DE8-466C-B574-691BDF33099A}.Debug|Any CPU.Build.0 = Debug|Any CPU
		{EB435433-6DE8-466C-B574-691BDF33099A}.Release|Any CPU.ActiveCfg = Release|Any CPU
		{EB435433-6DE8-466C-B574-691BDF33099A}.Release|Any CPU.Build.0 = Release|Any CPU
		{5513771B-40B1-4AA0-B800-7D6A493CC0BE}.Debug|Any CPU.ActiveCfg = Debug|Any CPU
		{5513771B-40B1-4AA0-B800-7D6A493CC0BE}.Debug|Any CPU.Build.0 = Debug|Any CPU
		{5513771B-40B1-4AA0-B800-7D6A493CC0BE}.Release|Any CPU.ActiveCfg = Release|Any CPU
		{5513771B-40B1-4AA0-B800-7D6A493CC0BE}.Release|Any CPU.Build.0 = Release|Any CPU
		{4DC6EA8C-B8A9-49A3-A3D1-20B0EEF08750}.Debug|Any CPU.ActiveCfg = Debug|Any CPU
		{4DC6EA8C-B8A9-49A3-A3D1-20B0EEF08750}.Debug|Any CPU.Build.0 = Debug|Any CPU
		{4DC6EA8C-B8A9-49A3-A3D1-20B0EEF08750}.Release|Any CPU.ActiveCfg = Release|Any CPU
		{4DC6EA8C-B8A9-49A3-A3D1-20B0EEF08750}.Release|Any CPU.Build.0 = Release|Any CPU
		{10F4BDB7-9F58-4500-8152-EF1E18164BE1}.Debug|Any CPU.ActiveCfg = Debug|Any CPU
		{10F4BDB7-9F58-4500-8152-EF1E18164BE1}.Debug|Any CPU.Build.0 = Debug|Any CPU
		{10F4BDB7-9F58-4500-8152-EF1E18164BE1}.Release|Any CPU.ActiveCfg = Release|Any CPU
		{10F4BDB7-9F58-4500-8152-EF1E18164BE1}.Release|Any CPU.Build.0 = Release|Any CPU
		{222D66E1-0AC9-4100-A5A9-661EBEE7768E}.Debug|Any CPU.ActiveCfg = Debug|Any CPU
		{222D66E1-0AC9-4100-A5A9-661EBEE7768E}.Debug|Any CPU.Build.0 = Debug|Any CPU
		{222D66E1-0AC9-4100-A5A9-661EBEE7768E}.Release|Any CPU.ActiveCfg = Release|Any CPU
		{222D66E1-0AC9-4100-A5A9-661EBEE7768E}.Release|Any CPU.Build.0 = Release|Any CPU
		{88208F0C-6017-4CE3-8F64-44C2A53DE120}.Debug|Any CPU.ActiveCfg = Debug|Any CPU
		{88208F0C-6017-4CE3-8F64-44C2A53DE120}.Debug|Any CPU.Build.0 = Debug|Any CPU
		{88208F0C-6017-4CE3-8F64-44C2A53DE120}.Release|Any CPU.ActiveCfg = Release|Any CPU
		{88208F0C-6017-4CE3-8F64-44C2A53DE120}.Release|Any CPU.Build.0 = Release|Any CPU
	EndGlobalSection
	GlobalSection(NestedProjects) = preSolution
		{EB435433-6DE8-466C-B574-691BDF33099A} = {E6D93B5A-1E4C-4B49-8FF6-91916D966834}
		{5513771B-40B1-4AA0-B800-7D6A493CC0BE} = {E6D93B5A-1E4C-4B49-8FF6-91916D966834}
		{4DC6EA8C-B8A9-49A3-A3D1-20B0EEF08750} = {81E1452E-832D-4A54-AD63-2C0F5670A283}
		{979BC51B-B705-42AB-9DEF-D21A2C442498} = {27BC872C-64AC-48FF-9237-1093CE19B25B}
		{10F4BDB7-9F58-4500-8152-EF1E18164BE1} = {27BC872C-64AC-48FF-9237-1093CE19B25B}
		{222D66E1-0AC9-4100-A5A9-661EBEE7768E} = {27BC872C-64AC-48FF-9237-1093CE19B25B}
		{F9A1420A-3B89-4C15-811A-955E3D3B10A8} = {E5799EBB-6749-4344-BCCB-CE18697366F0}
		{88208F0C-6017-4CE3-8F64-44C2A53DE120} = {E5799EBB-6749-4344-BCCB-CE18697366F0}
	EndGlobalSection
EndGlobal
